// !$*UTF8*$!
{
	archiveVersion = 1;
	classes = {
	};
	objectVersion = 46;
	objects = {

/* Begin PBXBuildFile section */
		19C87CAF1924028600D96BF5 /* Foundation.framework in Frameworks */ = {isa = PBXBuildFile; fileRef = 19C87CAE1924028600D96BF5 /* Foundation.framework */; };
		19C87CB11924028600D96BF5 /* CoreGraphics.framework in Frameworks */ = {isa = PBXBuildFile; fileRef = 19C87CB01924028600D96BF5 /* CoreGraphics.framework */; };
		19C87CB31924028600D96BF5 /* UIKit.framework in Frameworks */ = {isa = PBXBuildFile; fileRef = 19C87CB21924028600D96BF5 /* UIKit.framework */; };
		19C87CB91924028600D96BF5 /* InfoPlist.strings in Resources */ = {isa = PBXBuildFile; fileRef = 19C87CB71924028600D96BF5 /* InfoPlist.strings */; };
		19C87CBB1924028600D96BF5 /* main.m in Sources */ = {isa = PBXBuildFile; fileRef = 19C87CBA1924028600D96BF5 /* main.m */; };
		19C87CBF1924028600D96BF5 /* AppDelegate.m in Sources */ = {isa = PBXBuildFile; fileRef = 19C87CBE1924028600D96BF5 /* AppDelegate.m */; };
		19C87CC21924028600D96BF5 /* Main_iPhone.storyboard in Resources */ = {isa = PBXBuildFile; fileRef = 19C87CC01924028600D96BF5 /* Main_iPhone.storyboard */; };
		19C87CC51924028600D96BF5 /* Main_iPad.storyboard in Resources */ = {isa = PBXBuildFile; fileRef = 19C87CC31924028600D96BF5 /* Main_iPad.storyboard */; };
		19C87CC81924028600D96BF5 /* ViewController.m in Sources */ = {isa = PBXBuildFile; fileRef = 19C87CC71924028600D96BF5 /* ViewController.m */; };
		19C87CCA1924028600D96BF5 /* Images.xcassets in Resources */ = {isa = PBXBuildFile; fileRef = 19C87CC91924028600D96BF5 /* Images.xcassets */; };
		19C87CD11924028600D96BF5 /* XCTest.framework in Frameworks */ = {isa = PBXBuildFile; fileRef = 19C87CD01924028600D96BF5 /* XCTest.framework */; };
		19C87CD21924028600D96BF5 /* Foundation.framework in Frameworks */ = {isa = PBXBuildFile; fileRef = 19C87CAE1924028600D96BF5 /* Foundation.framework */; };
		19C87CD31924028600D96BF5 /* UIKit.framework in Frameworks */ = {isa = PBXBuildFile; fileRef = 19C87CB21924028600D96BF5 /* UIKit.framework */; };
		19C87CDB1924028600D96BF5 /* InfoPlist.strings in Resources */ = {isa = PBXBuildFile; fileRef = 19C87CD91924028600D96BF5 /* InfoPlist.strings */; };
		19C87CDD1924028600D96BF5 /* _3_DizainierGeekTests.m in Sources */ = {isa = PBXBuildFile; fileRef = 19C87CDC1924028600D96BF5 /* _3_DizainierGeekTests.m */; };
/* End PBXBuildFile section */

/* Begin PBXContainerItemProxy section */
		19C87CD41924028600D96BF5 /* PBXContainerItemProxy */ = {
			isa = PBXContainerItemProxy;
			containerPortal = 19C87CA31924028600D96BF5 /* Project object */;
			proxyType = 1;
			remoteGlobalIDString = 19C87CAA1924028600D96BF5;
			remoteInfo = "03-DizainierGeek";
		};
/* End PBXContainerItemProxy section */

/* Begin PBXFileReference section */
		19C87CAB1924028600D96BF5 /* 03-DizainierGeek.app */ = {isa = PBXFileReference; explicitFileType = wrapper.application; includeInIndex = 0; path = "03-DizainierGeek.app"; sourceTree = BUILT_PRODUCTS_DIR; };
		19C87CAE1924028600D96BF5 /* Foundation.framework */ = {isa = PBXFileReference; lastKnownFileType = wrapper.framework; name = Foundation.framework; path = System/Library/Frameworks/Foundation.framework; sourceTree = SDKROOT; };
		19C87CB01924028600D96BF5 /* CoreGraphics.framework */ = {isa = PBXFileReference; lastKnownFileType = wrapper.framework; name = CoreGraphics.framework; path = System/Library/Frameworks/CoreGraphics.framework; sourceTree = SDKROOT; };
		19C87CB21924028600D96BF5 /* UIKit.framework */ = {isa = PBXFileReference; lastKnownFileType = wrapper.framework; name = UIKit.framework; path = System/Library/Frameworks/UIKit.framework; sourceTree = SDKROOT; };
		19C87CB61924028600D96BF5 /* 03-DizainierGeek-Info.plist */ = {isa = PBXFileReference; lastKnownFileType = text.plist.xml; path = "03-DizainierGeek-Info.plist"; sourceTree = "<group>"; };
		19C87CB81924028600D96BF5 /* en */ = {isa = PBXFileReference; lastKnownFileType = text.plist.strings; name = en; path = en.lproj/InfoPlist.strings; sourceTree = "<group>"; };
		19C87CBA1924028600D96BF5 /* main.m */ = {isa = PBXFileReference; lastKnownFileType = sourcecode.c.objc; path = main.m; sourceTree = "<group>"; };
		19C87CBC1924028600D96BF5 /* 03-DizainierGeek-Prefix.pch */ = {isa = PBXFileReference; lastKnownFileType = sourcecode.c.h; path = "03-DizainierGeek-Prefix.pch"; sourceTree = "<group>"; };
		19C87CBD1924028600D96BF5 /* AppDelegate.h */ = {isa = PBXFileReference; lastKnownFileType = sourcecode.c.h; path = AppDelegate.h; sourceTree = "<group>"; };
		19C87CBE1924028600D96BF5 /* AppDelegate.m */ = {isa = PBXFileReference; lastKnownFileType = sourcecode.c.objc; path = AppDelegate.m; sourceTree = "<group>"; };
		19C87CC11924028600D96BF5 /* Base */ = {isa = PBXFileReference; lastKnownFileType = file.storyboard; name = Base; path = Base.lproj/Main_iPhone.storyboard; sourceTree = "<group>"; };
		19C87CC41924028600D96BF5 /* Base */ = {isa = PBXFileReference; lastKnownFileType = file.storyboard; name = Base; path = Base.lproj/Main_iPad.storyboard; sourceTree = "<group>"; };
		19C87CC61924028600D96BF5 /* ViewController.h */ = {isa = PBXFileReference; lastKnownFileType = sourcecode.c.h; path = ViewController.h; sourceTree = "<group>"; };
		19C87CC71924028600D96BF5 /* ViewController.m */ = {isa = PBXFileReference; lastKnownFileType = sourcecode.c.objc; path = ViewController.m; sourceTree = "<group>"; };
		19C87CC91924028600D96BF5 /* Images.xcassets */ = {isa = PBXFileReference; lastKnownFileType = folder.assetcatalog; path = Images.xcassets; sourceTree = "<group>"; };
		19C87CCF1924028600D96BF5 /* 03-DizainierGeekTests.xctest */ = {isa = PBXFileReference; explicitFileType = wrapper.cfbundle; includeInIndex = 0; path = "03-DizainierGeekTests.xctest"; sourceTree = BUILT_PRODUCTS_DIR; };
		19C87CD01924028600D96BF5 /* XCTest.framework */ = {isa = PBXFileReference; lastKnownFileType = wrapper.framework; name = XCTest.framework; path = Library/Frameworks/XCTest.framework; sourceTree = DEVELOPER_DIR; };
		19C87CD81924028600D96BF5 /* 03-DizainierGeekTests-Info.plist */ = {isa = PBXFileReference; lastKnownFileType = text.plist.xml; path = "03-DizainierGeekTests-Info.plist"; sourceTree = "<group>"; };
		19C87CDA1924028600D96BF5 /* en */ = {isa = PBXFileReference; lastKnownFileType = text.plist.strings; name = en; path = en.lproj/InfoPlist.strings; sourceTree = "<group>"; };
		19C87CDC1924028600D96BF5 /* _3_DizainierGeekTests.m */ = {isa = PBXFileReference; lastKnownFileType = sourcecode.c.objc; path = _3_DizainierGeekTests.m; sourceTree = "<group>"; };
/* End PBXFileReference section */

/* Begin PBXFrameworksBuildPhase section */
		19C87CA81924028600D96BF5 /* Frameworks */ = {
			isa = PBXFrameworksBuildPhase;
			buildActionMask = 2147483647;
			files = (
				19C87CB11924028600D96BF5 /* CoreGraphics.framework in Frameworks */,
				19C87CB31924028600D96BF5 /* UIKit.framework in Frameworks */,
				19C87CAF1924028600D96BF5 /* Foundation.framework in Frameworks */,
			);
			runOnlyForDeploymentPostprocessing = 0;
		};
		19C87CCC1924028600D96BF5 /* Frameworks */ = {
			isa = PBXFrameworksBuildPhase;
			buildActionMask = 2147483647;
			files = (
				19C87CD11924028600D96BF5 /* XCTest.framework in Frameworks */,
				19C87CD31924028600D96BF5 /* UIKit.framework in Frameworks */,
				19C87CD21924028600D96BF5 /* Foundation.framework in Frameworks */,
			);
			runOnlyForDeploymentPostprocessing = 0;
		};
/* End PBXFrameworksBuildPhase section */

/* Begin PBXGroup section */
		19C87CA21924028600D96BF5 = {
			isa = PBXGroup;
			children = (
				19C87CB41924028600D96BF5 /* 03-DizainierGeek */,
				19C87CD61924028600D96BF5 /* 03-DizainierGeekTests */,
				19C87CAD1924028600D96BF5 /* Frameworks */,
				19C87CAC1924028600D96BF5 /* Products */,
			);
			sourceTree = "<group>";
		};
		19C87CAC1924028600D96BF5 /* Products */ = {
			isa = PBXGroup;
			children = (
				19C87CAB1924028600D96BF5 /* 03-DizainierGeek.app */,
				19C87CCF1924028600D96BF5 /* 03-DizainierGeekTests.xctest */,
			);
			name = Products;
			sourceTree = "<group>";
		};
		19C87CAD1924028600D96BF5 /* Frameworks */ = {
			isa = PBXGroup;
			children = (
				19C87CAE1924028600D96BF5 /* Foundation.framework */,
				19C87CB01924028600D96BF5 /* CoreGraphics.framework */,
				19C87CB21924028600D96BF5 /* UIKit.framework */,
				19C87CD01924028600D96BF5 /* XCTest.framework */,
			);
			name = Frameworks;
			sourceTree = "<group>";
		};
		19C87CB41924028600D96BF5 /* 03-DizainierGeek */ = {
			isa = PBXGroup;
			children = (
				19C87CBD1924028600D96BF5 /* AppDelegate.h */,
				19C87CBE1924028600D96BF5 /* AppDelegate.m */,
				19C87CC01924028600D96BF5 /* Main_iPhone.storyboard */,
				19C87CC31924028600D96BF5 /* Main_iPad.storyboard */,
				19C87CC61924028600D96BF5 /* ViewController.h */,
				19C87CC71924028600D96BF5 /* ViewController.m */,
				19C87CC91924028600D96BF5 /* Images.xcassets */,
				19C87CB51924028600D96BF5 /* Supporting Files */,
			);
			path = "03-DizainierGeek";
			sourceTree = "<group>";
		};
		19C87CB51924028600D96BF5 /* Supporting Files */ = {
			isa = PBXGroup;
			children = (
				19C87CB61924028600D96BF5 /* 03-DizainierGeek-Info.plist */,
				19C87CB71924028600D96BF5 /* InfoPlist.strings */,
				19C87CBA1924028600D96BF5 /* main.m */,
				19C87CBC1924028600D96BF5 /* 03-DizainierGeek-Prefix.pch */,
			);
			name = "Supporting Files";
			sourceTree = "<group>";
		};
		19C87CD61924028600D96BF5 /* 03-DizainierGeekTests */ = {
			isa = PBXGroup;
			children = (
				19C87CDC1924028600D96BF5 /* _3_DizainierGeekTests.m */,
				19C87CD71924028600D96BF5 /* Supporting Files */,
			);
			path = "03-DizainierGeekTests";
			sourceTree = "<group>";
		};
		19C87CD71924028600D96BF5 /* Supporting Files */ = {
			isa = PBXGroup;
			children = (
				19C87CD81924028600D96BF5 /* 03-DizainierGeekTests-Info.plist */,
				19C87CD91924028600D96BF5 /* InfoPlist.strings */,
			);
			name = "Supporting Files";
			sourceTree = "<group>";
		};
/* End PBXGroup section */

/* Begin PBXNativeTarget section */
		19C87CAA1924028600D96BF5 /* 03-DizainierGeek */ = {
			isa = PBXNativeTarget;
			buildConfigurationList = 19C87CE01924028600D96BF5 /* Build configuration list for PBXNativeTarget "03-DizainierGeek" */;
			buildPhases = (
				19C87CA71924028600D96BF5 /* Sources */,
				19C87CA81924028600D96BF5 /* Frameworks */,
				19C87CA91924028600D96BF5 /* Resources */,
			);
			buildRules = (
			);
			dependencies = (
			);
			name = "03-DizainierGeek";
			productName = "03-DizainierGeek";
			productReference = 19C87CAB1924028600D96BF5 /* 03-DizainierGeek.app */;
			productType = "com.apple.product-type.application";
		};
		19C87CCE1924028600D96BF5 /* 03-DizainierGeekTests */ = {
			isa = PBXNativeTarget;
			buildConfigurationList = 19C87CE31924028600D96BF5 /* Build configuration list for PBXNativeTarget "03-DizainierGeekTests" */;
			buildPhases = (
				19C87CCB1924028600D96BF5 /* Sources */,
				19C87CCC1924028600D96BF5 /* Frameworks */,
				19C87CCD1924028600D96BF5 /* Resources */,
			);
			buildRules = (
			);
			dependencies = (
				19C87CD51924028600D96BF5 /* PBXTargetDependency */,
			);
			name = "03-DizainierGeekTests";
			productName = "03-DizainierGeekTests";
			productReference = 19C87CCF1924028600D96BF5 /* 03-DizainierGeekTests.xctest */;
			productType = "com.apple.product-type.bundle.unit-test";
		};
/* End PBXNativeTarget section */

/* Begin PBXProject section */
		19C87CA31924028600D96BF5 /* Project object */ = {
			isa = PBXProject;
			attributes = {
				LastUpgradeCheck = 0510;
				ORGANIZATIONNAME = GromiNet;
				TargetAttributes = {
					19C87CCE1924028600D96BF5 = {
						TestTargetID = 19C87CAA1924028600D96BF5;
					};
				};
			};
			buildConfigurationList = 19C87CA61924028600D96BF5 /* Build configuration list for PBXProject "03-DizainierGeek" */;
			compatibilityVersion = "Xcode 3.2";
			developmentRegion = English;
			hasScannedForEncodings = 0;
			knownRegions = (
				en,
				Base,
			);
			mainGroup = 19C87CA21924028600D96BF5;
			productRefGroup = 19C87CAC1924028600D96BF5 /* Products */;
			projectDirPath = "";
			projectRoot = "";
			targets = (
				19C87CAA1924028600D96BF5 /* 03-DizainierGeek */,
				19C87CCE1924028600D96BF5 /* 03-DizainierGeekTests */,
			);
		};
/* End PBXProject section */

/* Begin PBXResourcesBuildPhase section */
		19C87CA91924028600D96BF5 /* Resources */ = {
			isa = PBXResourcesBuildPhase;
			buildActionMask = 2147483647;
			files = (
				19C87CC51924028600D96BF5 /* Main_iPad.storyboard in Resources */,
				19C87CCA1924028600D96BF5 /* Images.xcassets in Resources */,
				19C87CC21924028600D96BF5 /* Main_iPhone.storyboard in Resources */,
				19C87CB91924028600D96BF5 /* InfoPlist.strings in Resources */,
			);
			runOnlyForDeploymentPostprocessing = 0;
		};
		19C87CCD1924028600D96BF5 /* Resources */ = {
			isa = PBXResourcesBuildPhase;
			buildActionMask = 2147483647;
			files = (
				19C87CDB1924028600D96BF5 /* InfoPlist.strings in Resources */,
			);
			runOnlyForDeploymentPostprocessing = 0;
		};
/* End PBXResourcesBuildPhase section */

/* Begin PBXSourcesBuildPhase section */
		19C87CA71924028600D96BF5 /* Sources */ = {
			isa = PBXSourcesBuildPhase;
			buildActionMask = 2147483647;
			files = (
				19C87CC81924028600D96BF5 /* ViewController.m in Sources */,
				19C87CBF1924028600D96BF5 /* AppDelegate.m in Sources */,
				19C87CBB1924028600D96BF5 /* main.m in Sources */,
			);
			runOnlyForDeploymentPostprocessing = 0;
		};
		19C87CCB1924028600D96BF5 /* Sources */ = {
			isa = PBXSourcesBuildPhase;
			buildActionMask = 2147483647;
			files = (
				19C87CDD1924028600D96BF5 /* _3_DizainierGeekTests.m in Sources */,
			);
			runOnlyForDeploymentPostprocessing = 0;
		};
/* End PBXSourcesBuildPhase section */

/* Begin PBXTargetDependency section */
		19C87CD51924028600D96BF5 /* PBXTargetDependency */ = {
			isa = PBXTargetDependency;
			target = 19C87CAA1924028600D96BF5 /* 03-DizainierGeek */;
			targetProxy = 19C87CD41924028600D96BF5 /* PBXContainerItemProxy */;
		};
/* End PBXTargetDependency section */

/* Begin PBXVariantGroup section */
		19C87CB71924028600D96BF5 /* InfoPlist.strings */ = {
			isa = PBXVariantGroup;
			children = (
				19C87CB81924028600D96BF5 /* en */,
			);
			name = InfoPlist.strings;
			sourceTree = "<group>";
		};
		19C87CC01924028600D96BF5 /* Main_iPhone.storyboard */ = {
			isa = PBXVariantGroup;
			children = (
				19C87CC11924028600D96BF5 /* Base */,
			);
			name = Main_iPhone.storyboard;
			sourceTree = "<group>";
		};
		19C87CC31924028600D96BF5 /* Main_iPad.storyboard */ = {
			isa = PBXVariantGroup;
			children = (
				19C87CC41924028600D96BF5 /* Base */,
			);
			name = Main_iPad.storyboard;
			sourceTree = "<group>";
		};
		19C87CD91924028600D96BF5 /* InfoPlist.strings */ = {
			isa = PBXVariantGroup;
			children = (
				19C87CDA1924028600D96BF5 /* en */,
			);
			name = InfoPlist.strings;
			sourceTree = "<group>";
		};
/* End PBXVariantGroup section */

/* Begin XCBuildConfiguration section */
		19C87CDE1924028600D96BF5 /* Debug */ = {
			isa = XCBuildConfiguration;
			buildSettings = {
				ALWAYS_SEARCH_USER_PATHS = NO;
				CLANG_CXX_LANGUAGE_STANDARD = "gnu++0x";
				CLANG_CXX_LIBRARY = "libc++";
				CLANG_ENABLE_MODULES = YES;
				CLANG_ENABLE_OBJC_ARC = YES;
				CLANG_WARN_BOOL_CONVERSION = YES;
				CLANG_WARN_CONSTANT_CONVERSION = YES;
				CLANG_WARN_DIRECT_OBJC_ISA_USAGE = YES_ERROR;
				CLANG_WARN_EMPTY_BODY = YES;
				CLANG_WARN_ENUM_CONVERSION = YES;
				CLANG_WARN_INT_CONVERSION = YES;
				CLANG_WARN_OBJC_ROOT_CLASS = YES_ERROR;
				CLANG_WARN__DUPLICATE_METHOD_MATCH = YES;
				"CODE_SIGN_IDENTITY[sdk=iphoneos*]" = "iPhone Developer";
				COPY_PHASE_STRIP = NO;
				GCC_C_LANGUAGE_STANDARD = gnu99;
				GCC_DYNAMIC_NO_PIC = NO;
				GCC_OPTIMIZATION_LEVEL = 0;
				GCC_PREPROCESSOR_DEFINITIONS = (
					"DEBUG=1",
					"$(inherited)",
				);
				GCC_SYMBOLS_PRIVATE_EXTERN = NO;
				GCC_WARN_64_TO_32_BIT_CONVERSION = YES;
				GCC_WARN_ABOUT_RETURN_TYPE = YES_ERROR;
				GCC_WARN_UNDECLARED_SELECTOR = YES;
				GCC_WARN_UNINITIALIZED_AUTOS = YES_AGGRESSIVE;
				GCC_WARN_UNUSED_FUNCTION = YES;
				GCC_WARN_UNUSED_VARIABLE = YES;
				IPHONEOS_DEPLOYMENT_TARGET = 7.1;
				ONLY_ACTIVE_ARCH = YES;
				SDKROOT = iphoneos;
				TARGETED_DEVICE_FAMILY = "1,2";
			};
			name = Debug;
		};
		19C87CDF1924028600D96BF5 /* Release */ = {
			isa = XCBuildConfiguration;
			buildSettings = {
				ALWAYS_SEARCH_USER_PATHS = NO;
				CLANG_CXX_LANGUAGE_STANDARD = "gnu++0x";
				CLANG_CXX_LIBRARY = "libc++";
				CLANG_ENABLE_MODULES = YES;
				CLANG_ENABLE_OBJC_ARC = YES;
				CLANG_WARN_BOOL_CONVERSION = YES;
				CLANG_WARN_CONSTANT_CONVERSION = YES;
				CLANG_WARN_DIRECT_OBJC_ISA_USAGE = YES_ERROR;
				CLANG_WARN_EMPTY_BODY = YES;
				CLANG_WARN_ENUM_CONVERSION = YES;
				CLANG_WARN_INT_CONVERSION = YES;
				CLANG_WARN_OBJC_ROOT_CLASS = YES_ERROR;
				CLANG_WARN__DUPLICATE_METHOD_MATCH = YES;
				"CODE_SIGN_IDENTITY[sdk=iphoneos*]" = "iPhone Developer";
				COPY_PHASE_STRIP = YES;
				ENABLE_NS_ASSERTIONS = NO;
				GCC_C_LANGUAGE_STANDARD = gnu99;
				GCC_WARN_64_TO_32_BIT_CONVERSION = YES;
				GCC_WARN_ABOUT_RETURN_TYPE = YES_ERROR;
				GCC_WARN_UNDECLARED_SELECTOR = YES;
				GCC_WARN_UNINITIALIZED_AUTOS = YES_AGGRESSIVE;
				GCC_WARN_UNUSED_FUNCTION = YES;
				GCC_WARN_UNUSED_VARIABLE = YES;
				IPHONEOS_DEPLOYMENT_TARGET = 7.1;
				SDKROOT = iphoneos;
				TARGETED_DEVICE_FAMILY = "1,2";
				VALIDATE_PRODUCT = YES;
			};
			name = Release;
		};
		19C87CE11924028600D96BF5 /* Debug */ = {
			isa = XCBuildConfiguration;
			buildSettings = {
				ASSETCATALOG_COMPILER_APPICON_NAME = AppIcon;
				ASSETCATALOG_COMPILER_LAUNCHIMAGE_NAME = LaunchImage;
				GCC_PRECOMPILE_PREFIX_HEADER = YES;
				GCC_PREFIX_HEADER = "03-DizainierGeek/03-DizainierGeek-Prefix.pch";
				INFOPLIST_FILE = "03-DizainierGeek/03-DizainierGeek-Info.plist";
				PRODUCT_NAME = "$(TARGET_NAME)";
				WRAPPER_EXTENSION = app;
			};
			name = Debug;
		};
		19C87CE21924028600D96BF5 /* Release */ = {
			isa = XCBuildConfiguration;
			buildSettings = {
				ASSETCATALOG_COMPILER_APPICON_NAME = AppIcon;
				ASSETCATALOG_COMPILER_LAUNCHIMAGE_NAME = LaunchImage;
				GCC_PRECOMPILE_PREFIX_HEADER = YES;
				GCC_PREFIX_HEADER = "03-DizainierGeek/03-DizainierGeek-Prefix.pch";
				INFOPLIST_FILE = "03-DizainierGeek/03-DizainierGeek-Info.plist";
				PRODUCT_NAME = "$(TARGET_NAME)";
				WRAPPER_EXTENSION = app;
			};
			name = Release;
		};
		19C87CE41924028600D96BF5 /* Debug */ = {
			isa = XCBuildConfiguration;
			buildSettings = {
				BUNDLE_LOADER = "$(BUILT_PRODUCTS_DIR)/03-DizainierGeek.app/03-DizainierGeek";
				FRAMEWORK_SEARCH_PATHS = (
					"$(SDKROOT)/Developer/Library/Frameworks",
					"$(inherited)",
					"$(DEVELOPER_FRAMEWORKS_DIR)",
				);
				GCC_PRECOMPILE_PREFIX_HEADER = YES;
				GCC_PREFIX_HEADER = "03-DizainierGeek/03-DizainierGeek-Prefix.pch";
				GCC_PREPROCESSOR_DEFINITIONS = (
					"DEBUG=1",
					"$(inherited)",
				);
				INFOPLIST_FILE = "03-DizainierGeekTests/03-DizainierGeekTests-Info.plist";
				PRODUCT_NAME = "$(TARGET_NAME)";
				TEST_HOST = "$(BUNDLE_LOADER)";
				WRAPPER_EXTENSION = xctest;
			};
			name = Debug;
		};
		19C87CE51924028600D96BF5 /* Release */ = {
			isa = XCBuildConfiguration;
			buildSettings = {
				BUNDLE_LOADER = "$(BUILT_PRODUCTS_DIR)/03-DizainierGeek.app/03-DizainierGeek";
				FRAMEWORK_SEARCH_PATHS = (
					"$(SDKROOT)/Developer/Library/Frameworks",
					"$(inherited)",
					"$(DEVELOPER_FRAMEWORKS_DIR)",
				);
				GCC_PRECOMPILE_PREFIX_HEADER = YES;
				GCC_PREFIX_HEADER = "03-DizainierGeek/03-DizainierGeek-Prefix.pch";
				INFOPLIST_FILE = "03-DizainierGeekTests/03-DizainierGeekTests-Info.plist";
				PRODUCT_NAME = "$(TARGET_NAME)";
				TEST_HOST = "$(BUNDLE_LOADER)";
				WRAPPER_EXTENSION = xctest;
			};
			name = Release;
		};
/* End XCBuildConfiguration section */

/* Begin XCConfigurationList section */
		19C87CA61924028600D96BF5 /* Build configuration list for PBXProject "03-DizainierGeek" */ = {
			isa = XCConfigurationList;
			buildConfigurations = (
				19C87CDE1924028600D96BF5 /* Debug */,
				19C87CDF1924028600D96BF5 /* Release */,
			);
			defaultConfigurationIsVisible = 0;
			defaultConfigurationName = Release;
		};
		19C87CE01924028600D96BF5 /* Build configuration list for PBXNativeTarget "03-DizainierGeek" */ = {
			isa = XCConfigurationList;
			buildConfigurations = (
				19C87CE11924028600D96BF5 /* Debug */,
				19C87CE21924028600D96BF5 /* Release */,
			);
			defaultConfigurationIsVisible = 0;
		};
		19C87CE31924028600D96BF5 /* Build configuration list for PBXNativeTarget "03-DizainierGeekTests" */ = {
			isa = XCConfigurationList;
			buildConfigurations = (
				19C87CE41924028600D96BF5 /* Debug */,
				19C87CE51924028600D96BF5 /* Release */,
			);
			defaultConfigurationIsVisible = 0;
		};
/* End XCConfigurationList section */
	};
	rootObject = 19C87CA31924028600D96BF5 /* Project object */;
}
